
Microsoft Visual Studio Solution File, Format Version 12.00
# Visual Studio 15
Project("{FAE04EC0-301F-11D3-BF4B-00C04F79EFBC}") = "Assembly-CSharp", "Assembly-CSharp.csproj", "{D98A97C3-B1AC-6F73-5802-1BD6A562F796}"
EndProject
Project("{FAE04EC0-301F-11D3-BF4B-00C04F79EFBC}") = "Assembly-CSharp-Editor", "Assembly-CSharp-Editor.csproj", "{6EBFDFBB-EF91-0DEB-C3D5-05EB57F4F78C}"
EndProject
Global
	GlobalSection(SolutionConfigurationPlatforms) = preSolution
		Debug|Any CPU = Debug|Any CPU
		Release|Any CPU = Release|Any CPU
	EndGlobalSection
	GlobalSection(ProjectConfigurationPlatforms) = postSolution
		{D98A97C3-B1AC-6F73-5802-1BD6A562F796}.Debug|Any CPU.ActiveCfg = Debug|Any CPU
		{D98A97C3-B1AC-6F73-5802-1BD6A562F796}.Debug|Any CPU.Build.0 = Debug|Any CPU
		{D98A97C3-B1AC-6F73-5802-1BD6A562F796}.Release|Any CPU.ActiveCfg = Release|Any CPU
		{D98A97C3-B1AC-6F73-5802-1BD6A562F796}.Release|Any CPU.Build.0 = Release|Any CPU
		{6EBFDFBB-EF91-0DEB-C3D5-05EB57F4F78C}.Debug|Any CPU.ActiveCfg = Debug|Any CPU
		{6EBFDFBB-EF91-0DEB-C3D5-05EB57F4F78C}.Debug|Any CPU.Build.0 = Debug|Any CPU
		{6EBFDFBB-EF91-0DEB-C3D5-05EB57F4F78C}.Release|Any CPU.ActiveCfg = Release|Any CPU
		{6EBFDFBB-EF91-0DEB-C3D5-05EB57F4F78C}.Release|Any CPU.Build.0 = Release|Any CPU
	EndGlobalSection
	GlobalSection(SolutionProperties) = preSolution
		HideSolutionNode = FALSE
	EndGlobalSection
EndGlobal
